// !$*UTF8*$!
{
	archiveVersion = 1;
	classes = {
	};
	objectVersion = 55;
	objects = {

/* Begin PBXBuildFile section */
		24124CD4284E34EE00951E3D /* AppDelegate.swift in Sources */ = {isa = PBXBuildFile; fileRef = 24124CD3284E34EE00951E3D /* AppDelegate.swift */; };
		24124CD6284E34EE00951E3D /* SceneDelegate.swift in Sources */ = {isa = PBXBuildFile; fileRef = 24124CD5284E34EE00951E3D /* SceneDelegate.swift */; };
		24124CDD284E34EE00951E3D /* Assets.xcassets in Resources */ = {isa = PBXBuildFile; fileRef = 24124CDC284E34EE00951E3D /* Assets.xcassets */; };
		24124CE0284E34EE00951E3D /* LaunchScreen.storyboard in Resources */ = {isa = PBXBuildFile; fileRef = 24124CDE284E34EE00951E3D /* LaunchScreen.storyboard */; };
		24124CEE284E397E00951E3D /* MainViewController.swift in Sources */ = {isa = PBXBuildFile; fileRef = 24124CED284E397E00951E3D /* MainViewController.swift */; };
		24124CF1284E3A9700951E3D /* MainCollectionView.swift in Sources */ = {isa = PBXBuildFile; fileRef = 24124CF0284E3A9700951E3D /* MainCollectionView.swift */; };
		24124CF3284E3C0800951E3D /* MainCollectionViewCell.swift in Sources */ = {isa = PBXBuildFile; fileRef = 24124CF2284E3C0800951E3D /* MainCollectionViewCell.swift */; };
/* End PBXBuildFile section */

/* Begin PBXFileReference section */
		24124CD0284E34EE00951E3D /* TapEmoji.app */ = {isa = PBXFileReference; explicitFileType = wrapper.application; includeInIndex = 0; path = TapEmoji.app; sourceTree = BUILT_PRODUCTS_DIR; };
		24124CD3284E34EE00951E3D /* AppDelegate.swift */ = {isa = PBXFileReference; lastKnownFileType = sourcecode.swift; path = AppDelegate.swift; sourceTree = "<group>"; };
		24124CD5284E34EE00951E3D /* SceneDelegate.swift */ = {isa = PBXFileReference; lastKnownFileType = sourcecode.swift; path = SceneDelegate.swift; sourceTree = "<group>"; };
		24124CDC284E34EE00951E3D /* Assets.xcassets */ = {isa = PBXFileReference; lastKnownFileType = folder.assetcatalog; path = Assets.xcassets; sourceTree = "<group>"; };
		24124CDF284E34EE00951E3D /* Base */ = {isa = PBXFileReference; lastKnownFileType = file.storyboard; name = Base; path = Base.lproj/LaunchScreen.storyboard; sourceTree = "<group>"; };
		24124CE1284E34EE00951E3D /* Info.plist */ = {isa = PBXFileReference; lastKnownFileType = text.plist.xml; path = Info.plist; sourceTree = "<group>"; };
		24124CED284E397E00951E3D /* MainViewController.swift */ = {isa = PBXFileReference; lastKnownFileType = sourcecode.swift; path = MainViewController.swift; sourceTree = "<group>"; };
		24124CF0284E3A9700951E3D /* MainCollectionView.swift */ = {isa = PBXFileReference; lastKnownFileType = sourcecode.swift; path = MainCollectionView.swift; sourceTree = "<group>"; };
		24124CF2284E3C0800951E3D /* MainCollectionViewCell.swift */ = {isa = PBXFileReference; lastKnownFileType = sourcecode.swift; path = MainCollectionViewCell.swift; sourceTree = "<group>"; };
/* End PBXFileReference section */

/* Begin PBXFrameworksBuildPhase section */
		24124CCD284E34EE00951E3D /* Frameworks */ = {
			isa = PBXFrameworksBuildPhase;
			buildActionMask = 2147483647;
			files = (
			);
			runOnlyForDeploymentPostprocessing = 0;
		};
/* End PBXFrameworksBuildPhase section */

/* Begin PBXGroup section */
		24124CC7284E34EE00951E3D = {
			isa = PBXGroup;
			children = (
				24124CD2284E34EE00951E3D /* TapEmoji */,
				24124CD1284E34EE00951E3D /* Products */,
			);
			sourceTree = "<group>";
		};
		24124CD1284E34EE00951E3D /* Products */ = {
			isa = PBXGroup;
			children = (
				24124CD0284E34EE00951E3D /* TapEmoji.app */,
			);
			name = Products;
			sourceTree = "<group>";
		};
		24124CD2284E34EE00951E3D /* TapEmoji */ = {
			isa = PBXGroup;
			children = (
				24124CE7284E355700951E3D /* Application */,
				24124CE8284E356300951E3D /* MainModule */,
				24124CE9284E357000951E3D /* Resources */,
			);
			path = TapEmoji;
			sourceTree = "<group>";
		};
		24124CE7284E355700951E3D /* Application */ = {
			isa = PBXGroup;
			children = (
				24124CD3284E34EE00951E3D /* AppDelegate.swift */,
				24124CD5284E34EE00951E3D /* SceneDelegate.swift */,
			);
			path = Application;
			sourceTree = "<group>";
		};
		24124CE8284E356300951E3D /* MainModule */ = {
			isa = PBXGroup;
			children = (
				24124CEA284E359500951E3D /* Model */,
				24124CEB284E359E00951E3D /* View */,
				24124CEC284E35AA00951E3D /* Controller */,
			);
			path = MainModule;
			sourceTree = "<group>";
		};
		24124CE9284E357000951E3D /* Resources */ = {
			isa = PBXGroup;
			children = (
				24124CDC284E34EE00951E3D /* Assets.xcassets */,
				24124CDE284E34EE00951E3D /* LaunchScreen.storyboard */,
				24124CE1284E34EE00951E3D /* Info.plist */,
			);
			path = Resources;
			sourceTree = "<group>";
		};
		24124CEA284E359500951E3D /* Model */ = {
			isa = PBXGroup;
			children = (
			);
			path = Model;
			sourceTree = "<group>";
		};
		24124CEB284E359E00951E3D /* View */ = {
			isa = PBXGroup;
			children = (
				24124CEF284E3A8100951E3D /* Cells */,
				24124CF0284E3A9700951E3D /* MainCollectionView.swift */,
			);
			path = View;
			sourceTree = "<group>";
		};
		24124CEC284E35AA00951E3D /* Controller */ = {
			isa = PBXGroup;
			children = (
				24124CED284E397E00951E3D /* MainViewController.swift */,
			);
			name = Controller;
			sourceTree = "<group>";
		};
		24124CEF284E3A8100951E3D /* Cells */ = {
			isa = PBXGroup;
			children = (
				24124CF2284E3C0800951E3D /* MainCollectionViewCell.swift */,
			);
			path = Cells;
			sourceTree = "<group>";
		};
/* End PBXGroup section */

/* Begin PBXNativeTarget section */
		24124CCF284E34EE00951E3D /* TapEmoji */ = {
			isa = PBXNativeTarget;
			buildConfigurationList = 24124CE4284E34EE00951E3D /* Build configuration list for PBXNativeTarget "TapEmoji" */;
			buildPhases = (
				24124CCC284E34EE00951E3D /* Sources */,
				24124CCD284E34EE00951E3D /* Frameworks */,
				24124CCE284E34EE00951E3D /* Resources */,
			);
			buildRules = (
			);
			dependencies = (
			);
			name = TapEmoji;
			productName = TapEmoji;
			productReference = 24124CD0284E34EE00951E3D /* TapEmoji.app */;
			productType = "com.apple.product-type.application";
		};
/* End PBXNativeTarget section */

/* Begin PBXProject section */
		24124CC8284E34EE00951E3D /* Project object */ = {
			isa = PBXProject;
			attributes = {
				BuildIndependentTargetsInParallel = 1;
				LastSwiftUpdateCheck = 1340;
				LastUpgradeCheck = 1340;
				TargetAttributes = {
					24124CCF284E34EE00951E3D = {
						CreatedOnToolsVersion = 13.4.1;
					};
				};
			};
			buildConfigurationList = 24124CCB284E34EE00951E3D /* Build configuration list for PBXProject "TapEmoji" */;
			compatibilityVersion = "Xcode 13.0";
			developmentRegion = en;
			hasScannedForEncodings = 0;
			knownRegions = (
				en,
				Base,
			);
			mainGroup = 24124CC7284E34EE00951E3D;
			productRefGroup = 24124CD1284E34EE00951E3D /* Products */;
			projectDirPath = "";
			projectRoot = "";
			targets = (
				24124CCF284E34EE00951E3D /* TapEmoji */,
			);
		};
/* End PBXProject section */

/* Begin PBXResourcesBuildPhase section */
		24124CCE284E34EE00951E3D /* Resources */ = {
			isa = PBXResourcesBuildPhase;
			buildActionMask = 2147483647;
			files = (
				24124CE0284E34EE00951E3D /* LaunchScreen.storyboard in Resources */,
				24124CDD284E34EE00951E3D /* Assets.xcassets in Resources */,
			);
			runOnlyForDeploymentPostprocessing = 0;
		};
/* End PBXResourcesBuildPhase section */

/* Begin PBXSourcesBuildPhase section */
		24124CCC284E34EE00951E3D /* Sources */ = {
			isa = PBXSourcesBuildPhase;
			buildActionMask = 2147483647;
			files = (
				24124CEE284E397E00951E3D /* MainViewController.swift in Sources */,
				24124CD4284E34EE00951E3D /* AppDelegate.swift in Sources */,
				24124CF3284E3C0800951E3D /* MainCollectionViewCell.swift in Sources */,
				24124CD6284E34EE00951E3D /* SceneDelegate.swift in Sources */,
				24124CF1284E3A9700951E3D /* MainCollectionView.swift in Sources */,
			);
			runOnlyForDeploymentPostprocessing = 0;
		};
/* End PBXSourcesBuildPhase section */

/* Begin PBXVariantGroup section */
		24124CDE284E34EE00951E3D /* LaunchScreen.storyboard */ = {
			isa = PBXVariantGroup;
			children = (
				24124CDF284E34EE00951E3D /* Base */,
			);
			name = LaunchScreen.storyboard;
			sourceTree = "<group>";
		};
/* End PBXVariantGroup section */

/* Begin XCBuildConfiguration section */
		24124CE2284E34EE00951E3D /* Debug */ = {
			isa = XCBuildConfiguration;
			buildSettings = {
				ALWAYS_SEARCH_USER_PATHS = NO;
				CLANG_ANALYZER_NONNULL = YES;
				CLANG_ANALYZER_NUMBER_OBJECT_CONVERSION = YES_AGGRESSIVE;
				CLANG_CXX_LANGUAGE_STANDARD = "gnu++17";
				CLANG_ENABLE_MODULES = YES;
				CLANG_ENABLE_OBJC_ARC = YES;
				CLANG_ENABLE_OBJC_WEAK = YES;
				CLANG_WARN_BLOCK_CAPTURE_AUTORELEASING = YES;
				CLANG_WARN_BOOL_CONVERSION = YES;
				CLANG_WARN_COMMA = YES;
				CLANG_WARN_CONSTANT_CONVERSION = YES;
				CLANG_WARN_DEPRECATED_OBJC_IMPLEMENTATIONS = YES;
				CLANG_WARN_DIRECT_OBJC_ISA_USAGE = YES_ERROR;
				CLANG_WARN_DOCUMENTATION_COMMENTS = YES;
				CLANG_WARN_EMPTY_BODY = YES;
				CLANG_WARN_ENUM_CONVERSION = YES;
				CLANG_WARN_INFINITE_RECURSION = YES;
				CLANG_WARN_INT_CONVERSION = YES;
				CLANG_WARN_NON_LITERAL_NULL_CONVERSION = YES;
				CLANG_WARN_OBJC_IMPLICIT_RETAIN_SELF = YES;
				CLANG_WARN_OBJC_LITERAL_CONVERSION = YES;
				CLANG_WARN_OBJC_ROOT_CLASS = YES_ERROR;
				CLANG_WARN_QUOTED_INCLUDE_IN_FRAMEWORK_HEADER = YES;
				CLANG_WARN_RANGE_LOOP_ANALYSIS = YES;
				CLANG_WARN_STRICT_PROTOTYPES = YES;
				CLANG_WARN_SUSPICIOUS_MOVE = YES;
				CLANG_WARN_UNGUARDED_AVAILABILITY = YES_AGGRESSIVE;
				CLANG_WARN_UNREACHABLE_CODE = YES;
				CLANG_WARN__DUPLICATE_METHOD_MATCH = YES;
				COPY_PHASE_STRIP = NO;
				DEBUG_INFORMATION_FORMAT = dwarf;
				ENABLE_STRICT_OBJC_MSGSEND = YES;
				ENABLE_TESTABILITY = YES;
				GCC_C_LANGUAGE_STANDARD = gnu11;
				GCC_DYNAMIC_NO_PIC = NO;
				GCC_NO_COMMON_BLOCKS = YES;
				GCC_OPTIMIZATION_LEVEL = 0;
				GCC_PREPROCESSOR_DEFINITIONS = (
					"DEBUG=1",
					"$(inherited)",
				);
				GCC_WARN_64_TO_32_BIT_CONVERSION = YES;
				GCC_WARN_ABOUT_RETURN_TYPE = YES_ERROR;
				GCC_WARN_UNDECLARED_SELECTOR = YES;
				GCC_WARN_UNINITIALIZED_AUTOS = YES_AGGRESSIVE;
				GCC_WARN_UNUSED_FUNCTION = YES;
				GCC_WARN_UNUSED_VARIABLE = YES;
				IPHONEOS_DEPLOYMENT_TARGET = 15.5;
				MTL_ENABLE_DEBUG_INFO = INCLUDE_SOURCE;
				MTL_FAST_MATH = YES;
				ONLY_ACTIVE_ARCH = YES;
				SDKROOT = iphoneos;
				SWIFT_ACTIVE_COMPILATION_CONDITIONS = DEBUG;
				SWIFT_OPTIMIZATION_LEVEL = "-Onone";
			};
			name = Debug;
		};
		24124CE3284E34EE00951E3D /* Release */ = {
			isa = XCBuildConfiguration;
			buildSettings = {
				ALWAYS_SEARCH_USER_PATHS = NO;
				CLANG_ANALYZER_NONNULL = YES;
				CLANG_ANALYZER_NUMBER_OBJECT_CONVERSION = YES_AGGRESSIVE;
				CLANG_CXX_LANGUAGE_STANDARD = "gnu++17";
				CLANG_ENABLE_MODULES = YES;
				CLANG_ENABLE_OBJC_ARC = YES;
				CLANG_ENABLE_OBJC_WEAK = YES;
				CLANG_WARN_BLOCK_CAPTURE_AUTORELEASING = YES;
				CLANG_WARN_BOOL_CONVERSION = YES;
				CLANG_WARN_COMMA = YES;
				CLANG_WARN_CONSTANT_CONVERSION = YES;
				CLANG_WARN_DEPRECATED_OBJC_IMPLEMENTATIONS = YES;
				CLANG_WARN_DIRECT_OBJC_ISA_USAGE = YES_ERROR;
				CLANG_WARN_DOCUMENTATION_COMMENTS = YES;
				CLANG_WARN_EMPTY_BODY = YES;
				CLANG_WARN_ENUM_CONVERSION = YES;
				CLANG_WARN_INFINITE_RECURSION = YES;
				CLANG_WARN_INT_CONVERSION = YES;
				CLANG_WARN_NON_LITERAL_NULL_CONVERSION = YES;
				CLANG_WARN_OBJC_IMPLICIT_RETAIN_SELF = YES;
				CLANG_WARN_OBJC_LITERAL_CONVERSION = YES;
				CLANG_WARN_OBJC_ROOT_CLASS = YES_ERROR;
				CLANG_WARN_QUOTED_INCLUDE_IN_FRAMEWORK_HEADER = YES;
				CLANG_WARN_RANGE_LOOP_ANALYSIS = YES;
				CLANG_WARN_STRICT_PROTOTYPES = YES;
				CLANG_WARN_SUSPICIOUS_MOVE = YES;
				CLANG_WARN_UNGUARDED_AVAILABILITY = YES_AGGRESSIVE;
				CLANG_WARN_UNREACHABLE_CODE = YES;
				CLANG_WARN__DUPLICATE_METHOD_MATCH = YES;
				COPY_PHASE_STRIP = NO;
				DEBUG_INFORMATION_FORMAT = "dwarf-with-dsym";
				ENABLE_NS_ASSERTIONS = NO;
				ENABLE_STRICT_OBJC_MSGSEND = YES;
				GCC_C_LANGUAGE_STANDARD = gnu11;
				GCC_NO_COMMON_BLOCKS = YES;
				GCC_WARN_64_TO_32_BIT_CONVERSION = YES;
				GCC_WARN_ABOUT_RETURN_TYPE = YES_ERROR;
				GCC_WARN_UNDECLARED_SELECTOR = YES;
				GCC_WARN_UNINITIALIZED_AUTOS = YES_AGGRESSIVE;
				GCC_WARN_UNUSED_FUNCTION = YES;
				GCC_WARN_UNUSED_VARIABLE = YES;
				IPHONEOS_DEPLOYMENT_TARGET = 15.5;
				MTL_ENABLE_DEBUG_INFO = NO;
				MTL_FAST_MATH = YES;
				SDKROOT = iphoneos;
				SWIFT_COMPILATION_MODE = wholemodule;
				SWIFT_OPTIMIZATION_LEVEL = "-O";
				VALIDATE_PRODUCT = YES;
			};
			name = Release;
		};
		24124CE5284E34EE00951E3D /* Debug */ = {
			isa = XCBuildConfiguration;
			buildSettings = {
				ASSETCATALOG_COMPILER_APPICON_NAME = AppIcon;
				ASSETCATALOG_COMPILER_GLOBAL_ACCENT_COLOR_NAME = AccentColor;
				CODE_SIGN_STYLE = Automatic;
				CURRENT_PROJECT_VERSION = 1;
				DEVELOPMENT_TEAM = UJRW24XH5L;
				GENERATE_INFOPLIST_FILE = YES;
				INFOPLIST_FILE = TapEmoji/Resources/Info.plist;
				INFOPLIST_KEY_UIApplicationSupportsIndirectInputEvents = YES;
				INFOPLIST_KEY_UILaunchStoryboardName = LaunchScreen;
				INFOPLIST_KEY_UISupportedInterfaceOrientations = UIInterfaceOrientationPortrait;
				INFOPLIST_KEY_UISupportedInterfaceOrientations_iPad = "UIInterfaceOrientationPortrait UIInterfaceOrientationPortraitUpsideDown UIInterfaceOrientationLandscapeLeft UIInterfaceOrientationLandscapeRight";
				INFOPLIST_KEY_UISupportedInterfaceOrientations_iPhone = "UIInterfaceOrientationPortrait UIInterfaceOrientationLandscapeLeft UIInterfaceOrientationLandscapeRight";
				LD_RUNPATH_SEARCH_PATHS = (
					"$(inherited)",
					"@executable_path/Frameworks",
				);
				MARKETING_VERSION = 1.0;
				PRODUCT_BUNDLE_IDENTIFIER = kodder.TapEmoji;
				PRODUCT_NAME = "$(TARGET_NAME)";
				SWIFT_EMIT_LOC_STRINGS = YES;
				SWIFT_VERSION = 5.0;
				TARGETED_DEVICE_FAMILY = 1;
			};
			name = Debug;
		};
		24124CE6284E34EE00951E3D /* Release */ = {
			isa = XCBuildConfiguration;
			buildSettings = {
				ASSETCATALOG_COMPILER_APPICON_NAME = AppIcon;
				ASSETCATALOG_COMPILER_GLOBAL_ACCENT_COLOR_NAME = AccentColor;
				CODE_SIGN_STYLE = Automatic;
				CURRENT_PROJECT_VERSION = 1;
				DEVELOPMENT_TEAM = UJRW24XH5L;
				GENERATE_INFOPLIST_FILE = YES;
				INFOPLIST_FILE = TapEmoji/Resources/Info.plist;
				INFOPLIST_KEY_UIApplicationSupportsIndirectInputEvents = YES;
				INFOPLIST_KEY_UILaunchStoryboardName = LaunchScreen;
				INFOPLIST_KEY_UISupportedInterfaceOrientations = UIInterfaceOrientationPortrait;
				INFOPLIST_KEY_UISupportedInterfaceOrientations_iPad = "UIInterfaceOrientationPortrait UIInterfaceOrientationPortraitUpsideDown UIInterfaceOrientationLandscapeLeft UIInterfaceOrientationLandscapeRight";
				INFOPLIST_KEY_UISupportedInterfaceOrientations_iPhone = "UIInterfaceOrientationPortrait UIInterfaceOrientationLandscapeLeft UIInterfaceOrientationLandscapeRight";
				LD_RUNPATH_SEARCH_PATHS = (
					"$(inherited)",
					"@executable_path/Frameworks",
				);
				MARKETING_VERSION = 1.0;
				PRODUCT_BUNDLE_IDENTIFIER = kodder.TapEmoji;
				PRODUCT_NAME = "$(TARGET_NAME)";
				SWIFT_EMIT_LOC_STRINGS = YES;
				SWIFT_VERSION = 5.0;
				TARGETED_DEVICE_FAMILY = 1;
			};
			name = Release;
		};
/* End XCBuildConfiguration section */

/* Begin XCConfigurationList section */
		24124CCB284E34EE00951E3D /* Build configuration list for PBXProject "TapEmoji" */ = {
			isa = XCConfigurationList;
			buildConfigurations = (
				24124CE2284E34EE00951E3D /* Debug */,
				24124CE3284E34EE00951E3D /* Release */,
			);
			defaultConfigurationIsVisible = 0;
			defaultConfigurationName = Release;
		};
		24124CE4284E34EE00951E3D /* Build configuration list for PBXNativeTarget "TapEmoji" */ = {
			isa = XCConfigurationList;
			buildConfigurations = (
				24124CE5284E34EE00951E3D /* Debug */,
				24124CE6284E34EE00951E3D /* Release */,
			);
			defaultConfigurationIsVisible = 0;
			defaultConfigurationName = Release;
		};
/* End XCConfigurationList section */
	};
	rootObject = 24124CC8284E34EE00951E3D /* Project object */;
}
